
Microsoft Visual Studio Solution File, Format Version 12.00
# Visual Studio Version 17
VisualStudioVersion = 17.4.33205.214
MinimumVisualStudioVersion = 10.0.40219.1
Project("{FAE04EC0-301F-11D3-BF4B-00C04F79EFBC}") = "BlazorApp1.Server", "Server\BlazorApp1.Server.csproj", "{3B8C72DF-C4FB-4433-A693-A0759F55275B}"
EndProject
Project("{FAE04EC0-301F-11D3-BF4B-00C04F79EFBC}") = "BlazorApp1.Client", "Client\BlazorApp1.Client.csproj", "{D011086D-7D73-466E-B22E-07789D7573DE}"
EndProject
Project("{FAE04EC0-301F-11D3-BF4B-00C04F79EFBC}") = "BlazorApp1.Shared", "Shared\BlazorApp1.Shared.csproj", "{683CD973-1598-4FAD-ACE3-704401868CA9}"
EndProject
Global
	GlobalSection(SolutionConfigurationPlatforms) = preSolution
		Debug|Any CPU = Debug|Any CPU
		Release|Any CPU = Release|Any CPU
	EndGlobalSection
	GlobalSection(ProjectConfigurationPlatforms) = postSolution
		{3B8C72DF-C4FB-4433-A693-A0759F55275B}.Debug|Any CPU.ActiveCfg = Debug|Any CPU
		{3B8C72DF-C4FB-4433-A693-A0759F55275B}.Debug|Any CPU.Build.0 = Debug|Any CPU
		{3B8C72DF-C4FB-4433-A693-A0759F55275B}.Release|Any CPU.ActiveCfg = Release|Any CPU
		{3B8C72DF-C4FB-4433-A693-A0759F55275B}.Release|Any CPU.Build.0 = Release|Any CPU
		{D011086D-7D73-466E-B22E-07789D7573DE}.Debug|Any CPU.ActiveCfg = Debug|Any CPU
		{D011086D-7D73-466E-B22E-07789D7573DE}.Debug|Any CPU.Build.0 = Debug|Any CPU
		{D011086D-7D73-466E-B22E-07789D7573DE}.Release|Any CPU.ActiveCfg = Release|Any CPU
		{D011086D-7D73-466E-B22E-07789D7573DE}.Release|Any CPU.Build.0 = Release|Any CPU
		{683CD973-1598-4FAD-ACE3-704401868CA9}.Debug|Any CPU.ActiveCfg = Debug|Any CPU
		{683CD973-1598-4FAD-ACE3-704401868CA9}.Debug|Any CPU.Build.0 = Debug|Any CPU
		{683CD973-1598-4FAD-ACE3-704401868CA9}.Release|Any CPU.ActiveCfg = Release|Any CPU
		{683CD973-1598-4FAD-ACE3-704401868CA9}.Release|Any CPU.Build.0 = Release|Any CPU
	EndGlobalSection
	GlobalSection(SolutionProperties) = preSolution
		HideSolutionNode = FALSE
	EndGlobalSection
	GlobalSection(ExtensibilityGlobals) = postSolution
		SolutionGuid = {053BE056-9556-4E66-9C59-8242E104B0BD}
	EndGlobalSection
EndGlobal
